
Microsoft Visual Studio Solution File, Format Version 12.00
# Visual Studio Version 16
VisualStudioVersion = 16.0.32228.343
MinimumVisualStudioVersion = 10.0.40219.1
Project("{FAE04EC0-301F-11D3-BF4B-00C04F79EFBC}") = "Calling Methods", "Calling Methods\Calling Methods.csproj", "{D97B93ED-6359-4BCD-A29F-077B48A44690}"
EndProject
Global
	GlobalSection(SolutionConfigurationPlatforms) = preSolution
		Debug|Any CPU = Debug|Any CPU
		Release|Any CPU = Release|Any CPU
	EndGlobalSection
	GlobalSection(ProjectConfigurationPlatforms) = postSolution
		{D97B93ED-6359-4BCD-A29F-077B48A44690}.Debug|Any CPU.ActiveCfg = Debug|Any CPU
		{D97B93ED-6359-4BCD-A29F-077B48A44690}.Debug|Any CPU.Build.0 = Debug|Any CPU
		{D97B93ED-6359-4BCD-A29F-077B48A44690}.Release|Any CPU.ActiveCfg = Release|Any CPU
		{D97B93ED-6359-4BCD-A29F-077B48A44690}.Release|Any CPU.Build.0 = Release|Any CPU
	EndGlobalSection
	GlobalSection(SolutionProperties) = preSolution
		HideSolutionNode = FALSE
	EndGlobalSection
	GlobalSection(ExtensibilityGlobals) = postSolution
		SolutionGuid = {3DAFCB5A-FD04-4100-B450-B1F5F72858B5}
	EndGlobalSection
EndGlobal
