
Microsoft Visual Studio Solution File, Format Version 12.00
# Visual Studio Version 16
VisualStudioVersion = 16.0.32228.343
MinimumVisualStudioVersion = 10.0.40219.1
Project("{FAE04EC0-301F-11D3-BF4B-00C04F79EFBC}") = "Date Time", "Date Time\Date Time.csproj", "{07EF111C-4664-46D4-9DD3-3B3C830138E7}"
EndProject
Global
	GlobalSection(SolutionConfigurationPlatforms) = preSolution
		Debug|Any CPU = Debug|Any CPU
		Release|Any CPU = Release|Any CPU
	EndGlobalSection
	GlobalSection(ProjectConfigurationPlatforms) = postSolution
		{07EF111C-4664-46D4-9DD3-3B3C830138E7}.Debug|Any CPU.ActiveCfg = Debug|Any CPU
		{07EF111C-4664-46D4-9DD3-3B3C830138E7}.Debug|Any CPU.Build.0 = Debug|Any CPU
		{07EF111C-4664-46D4-9DD3-3B3C830138E7}.Release|Any CPU.ActiveCfg = Release|Any CPU
		{07EF111C-4664-46D4-9DD3-3B3C830138E7}.Release|Any CPU.Build.0 = Release|Any CPU
	EndGlobalSection
	GlobalSection(SolutionProperties) = preSolution
		HideSolutionNode = FALSE
	EndGlobalSection
	GlobalSection(ExtensibilityGlobals) = postSolution
		SolutionGuid = {47675BA2-DA3E-4DA2-B17A-6712711B2478}
	EndGlobalSection
EndGlobal
