
Microsoft Visual Studio Solution File, Format Version 12.00
# Visual Studio Version 16
VisualStudioVersion = 16.0.32228.343
MinimumVisualStudioVersion = 10.0.40219.1
Project("{FAE04EC0-301F-11D3-BF4B-00C04F79EFBC}") = "Final Challenge", "Final Challenge\Final Challenge.csproj", "{0B8C86CB-9F34-42D4-BF96-9EEFD5788A01}"
EndProject
Global
	GlobalSection(SolutionConfigurationPlatforms) = preSolution
		Debug|Any CPU = Debug|Any CPU
		Release|Any CPU = Release|Any CPU
	EndGlobalSection
	GlobalSection(ProjectConfigurationPlatforms) = postSolution
		{0B8C86CB-9F34-42D4-BF96-9EEFD5788A01}.Debug|Any CPU.ActiveCfg = Debug|Any CPU
		{0B8C86CB-9F34-42D4-BF96-9EEFD5788A01}.Debug|Any CPU.Build.0 = Debug|Any CPU
		{0B8C86CB-9F34-42D4-BF96-9EEFD5788A01}.Release|Any CPU.ActiveCfg = Release|Any CPU
		{0B8C86CB-9F34-42D4-BF96-9EEFD5788A01}.Release|Any CPU.Build.0 = Release|Any CPU
	EndGlobalSection
	GlobalSection(SolutionProperties) = preSolution
		HideSolutionNode = FALSE
	EndGlobalSection
	GlobalSection(ExtensibilityGlobals) = postSolution
		SolutionGuid = {3BD6CFA6-D795-462E-872C-A7C01BE6C62C}
	EndGlobalSection
EndGlobal
