
Microsoft Visual Studio Solution File, Format Version 12.00
# Visual Studio Version 16
VisualStudioVersion = 16.0.32228.343
MinimumVisualStudioVersion = 10.0.40219.1
Project("{FAE04EC0-301F-11D3-BF4B-00C04F79EFBC}") = "Constructor", "Constructor\Constructor.csproj", "{DF81EABA-19F3-43C5-868E-43AD39C63ED3}"
EndProject
Global
	GlobalSection(SolutionConfigurationPlatforms) = preSolution
		Debug|Any CPU = Debug|Any CPU
		Release|Any CPU = Release|Any CPU
	EndGlobalSection
	GlobalSection(ProjectConfigurationPlatforms) = postSolution
		{DF81EABA-19F3-43C5-868E-43AD39C63ED3}.Debug|Any CPU.ActiveCfg = Debug|Any CPU
		{DF81EABA-19F3-43C5-868E-43AD39C63ED3}.Debug|Any CPU.Build.0 = Debug|Any CPU
		{DF81EABA-19F3-43C5-868E-43AD39C63ED3}.Release|Any CPU.ActiveCfg = Release|Any CPU
		{DF81EABA-19F3-43C5-868E-43AD39C63ED3}.Release|Any CPU.Build.0 = Release|Any CPU
	EndGlobalSection
	GlobalSection(SolutionProperties) = preSolution
		HideSolutionNode = FALSE
	EndGlobalSection
	GlobalSection(ExtensibilityGlobals) = postSolution
		SolutionGuid = {F9C60F18-2349-4F95-8593-A5CC4520DC2F}
	EndGlobalSection
EndGlobal
