
Microsoft Visual Studio Solution File, Format Version 12.00
# Visual Studio Version 16
VisualStudioVersion = 16.0.32228.343
MinimumVisualStudioVersion = 10.0.40219.1
Project("{FAE04EC0-301F-11D3-BF4B-00C04F79EFBC}") = "Daily Submission Report", "Daily Submission Report\Daily Submission Report.csproj", "{9999C3F5-23D2-4462-8CD8-BEBF94A11064}"
EndProject
Global
	GlobalSection(SolutionConfigurationPlatforms) = preSolution
		Debug|Any CPU = Debug|Any CPU
		Release|Any CPU = Release|Any CPU
	EndGlobalSection
	GlobalSection(ProjectConfigurationPlatforms) = postSolution
		{9999C3F5-23D2-4462-8CD8-BEBF94A11064}.Debug|Any CPU.ActiveCfg = Debug|Any CPU
		{9999C3F5-23D2-4462-8CD8-BEBF94A11064}.Debug|Any CPU.Build.0 = Debug|Any CPU
		{9999C3F5-23D2-4462-8CD8-BEBF94A11064}.Release|Any CPU.ActiveCfg = Release|Any CPU
		{9999C3F5-23D2-4462-8CD8-BEBF94A11064}.Release|Any CPU.Build.0 = Release|Any CPU
	EndGlobalSection
	GlobalSection(SolutionProperties) = preSolution
		HideSolutionNode = FALSE
	EndGlobalSection
	GlobalSection(ExtensibilityGlobals) = postSolution
		SolutionGuid = {054E5F17-4FE3-4C01-B7F1-5D47BA79DD53}
	EndGlobalSection
EndGlobal
