
Microsoft Visual Studio Solution File, Format Version 12.00
# Visual Studio Version 16
VisualStudioVersion = 16.0.32228.343
MinimumVisualStudioVersion = 10.0.40219.1
Project("{FAE04EC0-301F-11D3-BF4B-00C04F79EFBC}") = "Challenge Submission", "Challenge Submission\Challenge Submission.csproj", "{311CEF49-059B-48ED-A228-B90D7449EF79}"
EndProject
Global
	GlobalSection(SolutionConfigurationPlatforms) = preSolution
		Debug|Any CPU = Debug|Any CPU
		Release|Any CPU = Release|Any CPU
	EndGlobalSection
	GlobalSection(ProjectConfigurationPlatforms) = postSolution
		{311CEF49-059B-48ED-A228-B90D7449EF79}.Debug|Any CPU.ActiveCfg = Debug|Any CPU
		{311CEF49-059B-48ED-A228-B90D7449EF79}.Debug|Any CPU.Build.0 = Debug|Any CPU
		{311CEF49-059B-48ED-A228-B90D7449EF79}.Release|Any CPU.ActiveCfg = Release|Any CPU
		{311CEF49-059B-48ED-A228-B90D7449EF79}.Release|Any CPU.Build.0 = Release|Any CPU
	EndGlobalSection
	GlobalSection(SolutionProperties) = preSolution
		HideSolutionNode = FALSE
	EndGlobalSection
	GlobalSection(ExtensibilityGlobals) = postSolution
		SolutionGuid = {86DA8D98-B338-45A1-83E3-B7250A10D817}
	EndGlobalSection
EndGlobal
