
Microsoft Visual Studio Solution File, Format Version 12.00
# Visual Studio Version 16
VisualStudioVersion = 16.0.32228.343
MinimumVisualStudioVersion = 10.0.40219.1
Project("{FAE04EC0-301F-11D3-BF4B-00C04F79EFBC}") = "Lambda", "Lambda\Lambda.csproj", "{49845F14-17A1-49AB-B0D7-40FD93FE96D1}"
EndProject
Global
	GlobalSection(SolutionConfigurationPlatforms) = preSolution
		Debug|Any CPU = Debug|Any CPU
		Release|Any CPU = Release|Any CPU
	EndGlobalSection
	GlobalSection(ProjectConfigurationPlatforms) = postSolution
		{49845F14-17A1-49AB-B0D7-40FD93FE96D1}.Debug|Any CPU.ActiveCfg = Debug|Any CPU
		{49845F14-17A1-49AB-B0D7-40FD93FE96D1}.Debug|Any CPU.Build.0 = Debug|Any CPU
		{49845F14-17A1-49AB-B0D7-40FD93FE96D1}.Release|Any CPU.ActiveCfg = Release|Any CPU
		{49845F14-17A1-49AB-B0D7-40FD93FE96D1}.Release|Any CPU.Build.0 = Release|Any CPU
	EndGlobalSection
	GlobalSection(SolutionProperties) = preSolution
		HideSolutionNode = FALSE
	EndGlobalSection
	GlobalSection(ExtensibilityGlobals) = postSolution
		SolutionGuid = {E43C9DED-D6FD-4FF5-9128-4E1F4EB3DA4F}
	EndGlobalSection
EndGlobal
