
Microsoft Visual Studio Solution File, Format Version 12.00
# Visual Studio Version 16
VisualStudioVersion = 16.0.32228.343
MinimumVisualStudioVersion = 10.0.40219.1
Project("{FAE04EC0-301F-11D3-BF4B-00C04F79EFBC}") = "Boolean Logic", "Boolean Logic\Boolean Logic.csproj", "{99B59873-B93F-42D5-BA87-ECD2E929B5B5}"
EndProject
Global
	GlobalSection(SolutionConfigurationPlatforms) = preSolution
		Debug|Any CPU = Debug|Any CPU
		Release|Any CPU = Release|Any CPU
	EndGlobalSection
	GlobalSection(ProjectConfigurationPlatforms) = postSolution
		{99B59873-B93F-42D5-BA87-ECD2E929B5B5}.Debug|Any CPU.ActiveCfg = Debug|Any CPU
		{99B59873-B93F-42D5-BA87-ECD2E929B5B5}.Debug|Any CPU.Build.0 = Debug|Any CPU
		{99B59873-B93F-42D5-BA87-ECD2E929B5B5}.Release|Any CPU.ActiveCfg = Release|Any CPU
		{99B59873-B93F-42D5-BA87-ECD2E929B5B5}.Release|Any CPU.Build.0 = Release|Any CPU
	EndGlobalSection
	GlobalSection(SolutionProperties) = preSolution
		HideSolutionNode = FALSE
	EndGlobalSection
	GlobalSection(ExtensibilityGlobals) = postSolution
		SolutionGuid = {B848DE18-F7F1-4778-9C9D-1C573361671B}
	EndGlobalSection
EndGlobal
